
Microsoft Visual Studio Solution File, Format Version 12.00
# Visual Studio Version 16
VisualStudioVersion = 16.0.30104.148
MinimumVisualStudioVersion = 10.0.40219.1
Project("{FAE04EC0-301F-11D3-BF4B-00C04F79EFBC}") = "openClosedPrincipleSOLID", "openClosedPrincipleSOLID\openClosedPrincipleSOLID.csproj", "{75C76565-F93B-49C8-94D2-1BD414512AAD}"
EndProject
Global
	GlobalSection(SolutionConfigurationPlatforms) = preSolution
		Debug|Any CPU = Debug|Any CPU
		Release|Any CPU = Release|Any CPU
	EndGlobalSection
	GlobalSection(ProjectConfigurationPlatforms) = postSolution
		{75C76565-F93B-49C8-94D2-1BD414512AAD}.Debug|Any CPU.ActiveCfg = Debug|Any CPU
		{75C76565-F93B-49C8-94D2-1BD414512AAD}.Debug|Any CPU.Build.0 = Debug|Any CPU
		{75C76565-F93B-49C8-94D2-1BD414512AAD}.Release|Any CPU.ActiveCfg = Release|Any CPU
		{75C76565-F93B-49C8-94D2-1BD414512AAD}.Release|Any CPU.Build.0 = Release|Any CPU
	EndGlobalSection
	GlobalSection(SolutionProperties) = preSolution
		HideSolutionNode = FALSE
	EndGlobalSection
	GlobalSection(ExtensibilityGlobals) = postSolution
		SolutionGuid = {890736EE-6D5B-4926-9055-9960EBF065EA}
	EndGlobalSection
EndGlobal
